
Microsoft Visual Studio Solution File, Format Version 12.00
# Visual Studio Version 17
VisualStudioVersion = 17.9.34723.18
MinimumVisualStudioVersion = 10.0.40219.1
Project("{FAE04EC0-301F-11D3-BF4B-00C04F79EFBC}") = "CarDealersWebApp", "CarDealersWebApp\CarDealersWebApp.csproj", "{B86ADA72-C39E-47E2-9559-B78B175076C5}"
EndProject
Global
	GlobalSection(SolutionConfigurationPlatforms) = preSolution
		Debug|Any CPU = Debug|Any CPU
		Release|Any CPU = Release|Any CPU
	EndGlobalSection
	GlobalSection(ProjectConfigurationPlatforms) = postSolution
		{B86ADA72-C39E-47E2-9559-B78B175076C5}.Debug|Any CPU.ActiveCfg = Debug|Any CPU
		{B86ADA72-C39E-47E2-9559-B78B175076C5}.Debug|Any CPU.Build.0 = Debug|Any CPU
		{B86ADA72-C39E-47E2-9559-B78B175076C5}.Release|Any CPU.ActiveCfg = Release|Any CPU
		{B86ADA72-C39E-47E2-9559-B78B175076C5}.Release|Any CPU.Build.0 = Release|Any CPU
	EndGlobalSection
	GlobalSection(SolutionProperties) = preSolution
		HideSolutionNode = FALSE
	EndGlobalSection
	GlobalSection(ExtensibilityGlobals) = postSolution
		SolutionGuid = {3DDFD943-E957-427A-B627-8B2EBE8CB801}
	EndGlobalSection
EndGlobal
